// !$*UTF8*$!
{
	archiveVersion = 1;
	classes = {
	};
	objectVersion = 50;
	objects = {

/* Begin PBXBuildFile section */
		8621A423222EA10F0091B670 /* ReposTableViewController.swift in Sources */ = {isa = PBXBuildFile; fileRef = 8621A422222EA10F0091B670 /* ReposTableViewController.swift */; };
		8621A425222EA5250091B670 /* Repository.swift in Sources */ = {isa = PBXBuildFile; fileRef = 8621A424222EA5250091B670 /* Repository.swift */; };
		8647F26F222D7DE9004BF6B7 /* UserViewController.swift in Sources */ = {isa = PBXBuildFile; fileRef = 8647F26E222D7DE9004BF6B7 /* UserViewController.swift */; };
		8669E353222ED53500DE128A /* ReposTableViewCell.swift in Sources */ = {isa = PBXBuildFile; fileRef = 8669E351222ED53500DE128A /* ReposTableViewCell.swift */; };
		8669E354222ED53500DE128A /* ReposTableViewCell.xib in Resources */ = {isa = PBXBuildFile; fileRef = 8669E352222ED53500DE128A /* ReposTableViewCell.xib */; };
		86873D6B222C55170070FCD8 /* AppDelegate.swift in Sources */ = {isa = PBXBuildFile; fileRef = 86873D6A222C55170070FCD8 /* AppDelegate.swift */; };
		86873D6D222C55170070FCD8 /* ViewController.swift in Sources */ = {isa = PBXBuildFile; fileRef = 86873D6C222C55170070FCD8 /* ViewController.swift */; };
		86873D70222C55170070FCD8 /* Main.storyboard in Resources */ = {isa = PBXBuildFile; fileRef = 86873D6E222C55170070FCD8 /* Main.storyboard */; };
		86873D72222C551E0070FCD8 /* Assets.xcassets in Resources */ = {isa = PBXBuildFile; fileRef = 86873D71222C551E0070FCD8 /* Assets.xcassets */; };
		86873D75222C551E0070FCD8 /* LaunchScreen.storyboard in Resources */ = {isa = PBXBuildFile; fileRef = 86873D73222C551E0070FCD8 /* LaunchScreen.storyboard */; };
		86873D7E222C5CAD0070FCD8 /* Kingfisher.framework in Frameworks */ = {isa = PBXBuildFile; fileRef = 86873D7D222C5CAD0070FCD8 /* Kingfisher.framework */; };
/* End PBXBuildFile section */

/* Begin PBXFileReference section */
		8621A422222EA10F0091B670 /* ReposTableViewController.swift */ = {isa = PBXFileReference; lastKnownFileType = sourcecode.swift; path = ReposTableViewController.swift; sourceTree = "<group>"; };
		8621A424222EA5250091B670 /* Repository.swift */ = {isa = PBXFileReference; lastKnownFileType = sourcecode.swift; path = Repository.swift; sourceTree = "<group>"; };
		8647F26E222D7DE9004BF6B7 /* UserViewController.swift */ = {isa = PBXFileReference; lastKnownFileType = sourcecode.swift; path = UserViewController.swift; sourceTree = "<group>"; };
		8669E351222ED53500DE128A /* ReposTableViewCell.swift */ = {isa = PBXFileReference; lastKnownFileType = sourcecode.swift; path = ReposTableViewCell.swift; sourceTree = "<group>"; };
		8669E352222ED53500DE128A /* ReposTableViewCell.xib */ = {isa = PBXFileReference; lastKnownFileType = file.xib; path = ReposTableViewCell.xib; sourceTree = "<group>"; };
		86873D67222C55170070FCD8 /* AuthGithub.app */ = {isa = PBXFileReference; explicitFileType = wrapper.application; includeInIndex = 0; path = AuthGithub.app; sourceTree = BUILT_PRODUCTS_DIR; };
		86873D6A222C55170070FCD8 /* AppDelegate.swift */ = {isa = PBXFileReference; lastKnownFileType = sourcecode.swift; path = AppDelegate.swift; sourceTree = "<group>"; };
		86873D6C222C55170070FCD8 /* ViewController.swift */ = {isa = PBXFileReference; lastKnownFileType = sourcecode.swift; path = ViewController.swift; sourceTree = "<group>"; };
		86873D6F222C55170070FCD8 /* Base */ = {isa = PBXFileReference; lastKnownFileType = file.storyboard; name = Base; path = Base.lproj/Main.storyboard; sourceTree = "<group>"; };
		86873D71222C551E0070FCD8 /* Assets.xcassets */ = {isa = PBXFileReference; lastKnownFileType = folder.assetcatalog; path = Assets.xcassets; sourceTree = "<group>"; };
		86873D74222C551E0070FCD8 /* Base */ = {isa = PBXFileReference; lastKnownFileType = file.storyboard; name = Base; path = Base.lproj/LaunchScreen.storyboard; sourceTree = "<group>"; };
		86873D76222C551E0070FCD8 /* Info.plist */ = {isa = PBXFileReference; lastKnownFileType = text.plist.xml; path = Info.plist; sourceTree = "<group>"; };
		86873D7D222C5CAD0070FCD8 /* Kingfisher.framework */ = {isa = PBXFileReference; lastKnownFileType = wrapper.framework; name = Kingfisher.framework; path = Carthage/Build/iOS/Kingfisher.framework; sourceTree = "<group>"; };
/* End PBXFileReference section */

/* Begin PBXFrameworksBuildPhase section */
		86873D64222C55170070FCD8 /* Frameworks */ = {
			isa = PBXFrameworksBuildPhase;
			buildActionMask = 2147483647;
			files = (
				86873D7E222C5CAD0070FCD8 /* Kingfisher.framework in Frameworks */,
			);
			runOnlyForDeploymentPostprocessing = 0;
		};
/* End PBXFrameworksBuildPhase section */

/* Begin PBXGroup section */
		86873D5E222C55170070FCD8 = {
			isa = PBXGroup;
			children = (
				86873D69222C55170070FCD8 /* AuthGithub */,
				86873D68222C55170070FCD8 /* Products */,
				86873D7C222C5CAC0070FCD8 /* Frameworks */,
			);
			sourceTree = "<group>";
		};
		86873D68222C55170070FCD8 /* Products */ = {
			isa = PBXGroup;
			children = (
				86873D67222C55170070FCD8 /* AuthGithub.app */,
			);
			name = Products;
			sourceTree = "<group>";
		};
		86873D69222C55170070FCD8 /* AuthGithub */ = {
			isa = PBXGroup;
			children = (
				86873D6A222C55170070FCD8 /* AppDelegate.swift */,
				86873D6C222C55170070FCD8 /* ViewController.swift */,
				86873D6E222C55170070FCD8 /* Main.storyboard */,
				8647F26E222D7DE9004BF6B7 /* UserViewController.swift */,
				8621A422222EA10F0091B670 /* ReposTableViewController.swift */,
				8669E351222ED53500DE128A /* ReposTableViewCell.swift */,
				8669E352222ED53500DE128A /* ReposTableViewCell.xib */,
				8621A424222EA5250091B670 /* Repository.swift */,
				86873D71222C551E0070FCD8 /* Assets.xcassets */,
				86873D73222C551E0070FCD8 /* LaunchScreen.storyboard */,
				86873D76222C551E0070FCD8 /* Info.plist */,
			);
			path = AuthGithub;
			sourceTree = "<group>";
		};
		86873D7C222C5CAC0070FCD8 /* Frameworks */ = {
			isa = PBXGroup;
			children = (
				86873D7D222C5CAD0070FCD8 /* Kingfisher.framework */,
			);
			name = Frameworks;
			sourceTree = "<group>";
		};
/* End PBXGroup section */

/* Begin PBXNativeTarget section */
		86873D66222C55170070FCD8 /* AuthGithub */ = {
			isa = PBXNativeTarget;
			buildConfigurationList = 86873D79222C551E0070FCD8 /* Build configuration list for PBXNativeTarget "AuthGithub" */;
			buildPhases = (
				86873D63222C55170070FCD8 /* Sources */,
				86873D64222C55170070FCD8 /* Frameworks */,
				86873D65222C55170070FCD8 /* Resources */,
				86873D7F222C5D510070FCD8 /* ShellScript */,
			);
			buildRules = (
			);
			dependencies = (
			);
			name = AuthGithub;
			productName = AuthGithub;
			productReference = 86873D67222C55170070FCD8 /* AuthGithub.app */;
			productType = "com.apple.product-type.application";
		};
/* End PBXNativeTarget section */

/* Begin PBXProject section */
		86873D5F222C55170070FCD8 /* Project object */ = {
			isa = PBXProject;
			attributes = {
				LastSwiftUpdateCheck = 1010;
				LastUpgradeCheck = 1010;
				ORGANIZATIONNAME = "Vladislav Markov";
				TargetAttributes = {
					86873D66222C55170070FCD8 = {
						CreatedOnToolsVersion = 10.1;
					};
				};
			};
			buildConfigurationList = 86873D62222C55170070FCD8 /* Build configuration list for PBXProject "AuthGithub" */;
			compatibilityVersion = "Xcode 9.3";
			developmentRegion = en;
			hasScannedForEncodings = 0;
			knownRegions = (
				en,
				Base,
			);
			mainGroup = 86873D5E222C55170070FCD8;
			productRefGroup = 86873D68222C55170070FCD8 /* Products */;
			projectDirPath = "";
			projectRoot = "";
			targets = (
				86873D66222C55170070FCD8 /* AuthGithub */,
			);
		};
/* End PBXProject section */

/* Begin PBXResourcesBuildPhase section */
		86873D65222C55170070FCD8 /* Resources */ = {
			isa = PBXResourcesBuildPhase;
			buildActionMask = 2147483647;
			files = (
				86873D75222C551E0070FCD8 /* LaunchScreen.storyboard in Resources */,
				86873D72222C551E0070FCD8 /* Assets.xcassets in Resources */,
				86873D70222C55170070FCD8 /* Main.storyboard in Resources */,
				8669E354222ED53500DE128A /* ReposTableViewCell.xib in Resources */,
			);
			runOnlyForDeploymentPostprocessing = 0;
		};
/* End PBXResourcesBuildPhase section */

/* Begin PBXShellScriptBuildPhase section */
		86873D7F222C5D510070FCD8 /* ShellScript */ = {
			isa = PBXShellScriptBuildPhase;
			buildActionMask = 2147483647;
			files = (
			);
			inputFileListPaths = (
			);
			inputPaths = (
				"$(SRCROOT)/Carthage/Build/iOS/Kingfisher.framework",
			);
			outputFileListPaths = (
			);
			outputPaths = (
				"$(BUILT_PRODUCTS_DIR)/$(FRAMEWORKS_FOLDER_PATH)/Kingfisher.framework",
			);
			runOnlyForDeploymentPostprocessing = 0;
			shellPath = /bin/sh;
			shellScript = "# Type a script or drag a script file from your workspace to insert its path.\n/usr/local/bin/carthage copy-frameworks\n";
		};
/* End PBXShellScriptBuildPhase section */

/* Begin PBXSourcesBuildPhase section */
		86873D63222C55170070FCD8 /* Sources */ = {
			isa = PBXSourcesBuildPhase;
			buildActionMask = 2147483647;
			files = (
				86873D6D222C55170070FCD8 /* ViewController.swift in Sources */,
				8621A423222EA10F0091B670 /* ReposTableViewController.swift in Sources */,
				8621A425222EA5250091B670 /* Repository.swift in Sources */,
				8647F26F222D7DE9004BF6B7 /* UserViewController.swift in Sources */,
				86873D6B222C55170070FCD8 /* AppDelegate.swift in Sources */,
				8669E353222ED53500DE128A /* ReposTableViewCell.swift in Sources */,
			);
			runOnlyForDeploymentPostprocessing = 0;
		};
/* End PBXSourcesBuildPhase section */

/* Begin PBXVariantGroup section */
		86873D6E222C55170070FCD8 /* Main.storyboard */ = {
			isa = PBXVariantGroup;
			children = (
				86873D6F222C55170070FCD8 /* Base */,
			);
			name = Main.storyboard;
			sourceTree = "<group>";
		};
		86873D73222C551E0070FCD8 /* LaunchScreen.storyboard */ = {
			isa = PBXVariantGroup;
			children = (
				86873D74222C551E0070FCD8 /* Base */,
			);
			name = LaunchScreen.storyboard;
			sourceTree = "<group>";
		};
/* End PBXVariantGroup section */

/* Begin XCBuildConfiguration section */
		86873D77222C551E0070FCD8 /* Debug */ = {
			isa = XCBuildConfiguration;
			buildSettings = {
				ALWAYS_SEARCH_USER_PATHS = NO;
				CLANG_ANALYZER_NONNULL = YES;
				CLANG_ANALYZER_NUMBER_OBJECT_CONVERSION = YES_AGGRESSIVE;
				CLANG_CXX_LANGUAGE_STANDARD = "gnu++14";
				CLANG_CXX_LIBRARY = "libc++";
				CLANG_ENABLE_MODULES = YES;
				CLANG_ENABLE_OBJC_ARC = YES;
				CLANG_ENABLE_OBJC_WEAK = YES;
				CLANG_WARN_BLOCK_CAPTURE_AUTORELEASING = YES;
				CLANG_WARN_BOOL_CONVERSION = YES;
				CLANG_WARN_COMMA = YES;
				CLANG_WARN_CONSTANT_CONVERSION = YES;
				CLANG_WARN_DEPRECATED_OBJC_IMPLEMENTATIONS = YES;
				CLANG_WARN_DIRECT_OBJC_ISA_USAGE = YES_ERROR;
				CLANG_WARN_DOCUMENTATION_COMMENTS = YES;
				CLANG_WARN_EMPTY_BODY = YES;
				CLANG_WARN_ENUM_CONVERSION = YES;
				CLANG_WARN_INFINITE_RECURSION = YES;
				CLANG_WARN_INT_CONVERSION = YES;
				CLANG_WARN_NON_LITERAL_NULL_CONVERSION = YES;
				CLANG_WARN_OBJC_IMPLICIT_RETAIN_SELF = YES;
				CLANG_WARN_OBJC_LITERAL_CONVERSION = YES;
				CLANG_WARN_OBJC_ROOT_CLASS = YES_ERROR;
				CLANG_WARN_RANGE_LOOP_ANALYSIS = YES;
				CLANG_WARN_STRICT_PROTOTYPES = YES;
				CLANG_WARN_SUSPICIOUS_MOVE = YES;
				CLANG_WARN_UNGUARDED_AVAILABILITY = YES_AGGRESSIVE;
				CLANG_WARN_UNREACHABLE_CODE = YES;
				CLANG_WARN__DUPLICATE_METHOD_MATCH = YES;
				CODE_SIGN_IDENTITY = "iPhone Developer";
				COPY_PHASE_STRIP = NO;
				DEBUG_INFORMATION_FORMAT = dwarf;
				ENABLE_STRICT_OBJC_MSGSEND = YES;
				ENABLE_TESTABILITY = YES;
				GCC_C_LANGUAGE_STANDARD = gnu11;
				GCC_DYNAMIC_NO_PIC = NO;
				GCC_NO_COMMON_BLOCKS = YES;
				GCC_OPTIMIZATION_LEVEL = 0;
				GCC_PREPROCESSOR_DEFINITIONS = (
					"DEBUG=1",
					"$(inherited)",
				);
				GCC_WARN_64_TO_32_BIT_CONVERSION = YES;
				GCC_WARN_ABOUT_RETURN_TYPE = YES_ERROR;
				GCC_WARN_UNDECLARED_SELECTOR = YES;
				GCC_WARN_UNINITIALIZED_AUTOS = YES_AGGRESSIVE;
				GCC_WARN_UNUSED_FUNCTION = YES;
				GCC_WARN_UNUSED_VARIABLE = YES;
				IPHONEOS_DEPLOYMENT_TARGET = 12.1;
				MTL_ENABLE_DEBUG_INFO = INCLUDE_SOURCE;
				MTL_FAST_MATH = YES;
				ONLY_ACTIVE_ARCH = YES;
				SDKROOT = iphoneos;
				SWIFT_ACTIVE_COMPILATION_CONDITIONS = DEBUG;
				SWIFT_OPTIMIZATION_LEVEL = "-Onone";
			};
			name = Debug;
		};
		86873D78222C551E0070FCD8 /* Release */ = {
			isa = XCBuildConfiguration;
			buildSettings = {
				ALWAYS_SEARCH_USER_PATHS = NO;
				CLANG_ANALYZER_NONNULL = YES;
				CLANG_ANALYZER_NUMBER_OBJECT_CONVERSION = YES_AGGRESSIVE;
				CLANG_CXX_LANGUAGE_STANDARD = "gnu++14";
				CLANG_CXX_LIBRARY = "libc++";
				CLANG_ENABLE_MODULES = YES;
				CLANG_ENABLE_OBJC_ARC = YES;
				CLANG_ENABLE_OBJC_WEAK = YES;
				CLANG_WARN_BLOCK_CAPTURE_AUTORELEASING = YES;
				CLANG_WARN_BOOL_CONVERSION = YES;
				CLANG_WARN_COMMA = YES;
				CLANG_WARN_CONSTANT_CONVERSION = YES;
				CLANG_WARN_DEPRECATED_OBJC_IMPLEMENTATIONS = YES;
				CLANG_WARN_DIRECT_OBJC_ISA_USAGE = YES_ERROR;
				CLANG_WARN_DOCUMENTATION_COMMENTS = YES;
				CLANG_WARN_EMPTY_BODY = YES;
				CLANG_WARN_ENUM_CONVERSION = YES;
				CLANG_WARN_INFINITE_RECURSION = YES;
				CLANG_WARN_INT_CONVERSION = YES;
				CLANG_WARN_NON_LITERAL_NULL_CONVERSION = YES;
				CLANG_WARN_OBJC_IMPLICIT_RETAIN_SELF = YES;
				CLANG_WARN_OBJC_LITERAL_CONVERSION = YES;
				CLANG_WARN_OBJC_ROOT_CLASS = YES_ERROR;
				CLANG_WARN_RANGE_LOOP_ANALYSIS = YES;
				CLANG_WARN_STRICT_PROTOTYPES = YES;
				CLANG_WARN_SUSPICIOUS_MOVE = YES;
				CLANG_WARN_UNGUARDED_AVAILABILITY = YES_AGGRESSIVE;
				CLANG_WARN_UNREACHABLE_CODE = YES;
				CLANG_WARN__DUPLICATE_METHOD_MATCH = YES;
				CODE_SIGN_IDENTITY = "iPhone Developer";
				COPY_PHASE_STRIP = NO;
				DEBUG_INFORMATION_FORMAT = "dwarf-with-dsym";
				ENABLE_NS_ASSERTIONS = NO;
				ENABLE_STRICT_OBJC_MSGSEND = YES;
				GCC_C_LANGUAGE_STANDARD = gnu11;
				GCC_NO_COMMON_BLOCKS = YES;
				GCC_WARN_64_TO_32_BIT_CONVERSION = YES;
				GCC_WARN_ABOUT_RETURN_TYPE = YES_ERROR;
				GCC_WARN_UNDECLARED_SELECTOR = YES;
				GCC_WARN_UNINITIALIZED_AUTOS = YES_AGGRESSIVE;
				GCC_WARN_UNUSED_FUNCTION = YES;
				GCC_WARN_UNUSED_VARIABLE = YES;
				IPHONEOS_DEPLOYMENT_TARGET = 12.1;
				MTL_ENABLE_DEBUG_INFO = NO;
				MTL_FAST_MATH = YES;
				SDKROOT = iphoneos;
				SWIFT_COMPILATION_MODE = wholemodule;
				SWIFT_OPTIMIZATION_LEVEL = "-O";
				VALIDATE_PRODUCT = YES;
			};
			name = Release;
		};
		86873D7A222C551E0070FCD8 /* Debug */ = {
			isa = XCBuildConfiguration;
			buildSettings = {
				ASSETCATALOG_COMPILER_APPICON_NAME = AppIcon;
				CODE_SIGN_STYLE = Automatic;
				DEVELOPMENT_TEAM = TV76LZZGYZ;
				FRAMEWORK_SEARCH_PATHS = (
					"$(inherited)",
					"$(PROJECT_DIR)/Carthage/Build/iOS",
				);
				INFOPLIST_FILE = AuthGithub/Info.plist;
				LD_RUNPATH_SEARCH_PATHS = (
					"$(inherited)",
					"@executable_path/Frameworks",
				);
				PRODUCT_BUNDLE_IDENTIFIER = markov.vladislav.AuthGithub;
				PRODUCT_NAME = "$(TARGET_NAME)";
				SWIFT_VERSION = 4.2;
				TARGETED_DEVICE_FAMILY = "1,2";
			};
			name = Debug;
		};
		86873D7B222C551E0070FCD8 /* Release */ = {
			isa = XCBuildConfiguration;
			buildSettings = {
				ASSETCATALOG_COMPILER_APPICON_NAME = AppIcon;
				CODE_SIGN_STYLE = Automatic;
				DEVELOPMENT_TEAM = TV76LZZGYZ;
				FRAMEWORK_SEARCH_PATHS = (
					"$(inherited)",
					"$(PROJECT_DIR)/Carthage/Build/iOS",
				);
				INFOPLIST_FILE = AuthGithub/Info.plist;
				LD_RUNPATH_SEARCH_PATHS = (
					"$(inherited)",
					"@executable_path/Frameworks",
				);
				PRODUCT_BUNDLE_IDENTIFIER = markov.vladislav.AuthGithub;
				PRODUCT_NAME = "$(TARGET_NAME)";
				SWIFT_VERSION = 4.2;
				TARGETED_DEVICE_FAMILY = "1,2";
			};
			name = Release;
		};
/* End XCBuildConfiguration section */

/* Begin XCConfigurationList section */
		86873D62222C55170070FCD8 /* Build configuration list for PBXProject "AuthGithub" */ = {
			isa = XCConfigurationList;
			buildConfigurations = (
				86873D77222C551E0070FCD8 /* Debug */,
				86873D78222C551E0070FCD8 /* Release */,
			);
			defaultConfigurationIsVisible = 0;
			defaultConfigurationName = Release;
		};
		86873D79222C551E0070FCD8 /* Build configuration list for PBXNativeTarget "AuthGithub" */ = {
			isa = XCConfigurationList;
			buildConfigurations = (
				86873D7A222C551E0070FCD8 /* Debug */,
				86873D7B222C551E0070FCD8 /* Release */,
			);
			defaultConfigurationIsVisible = 0;
			defaultConfigurationName = Release;
		};
/* End XCConfigurationList section */
	};
	rootObject = 86873D5F222C55170070FCD8 /* Project object */;
}
